<?xml version="1.0"?>
<plist version="1.0">
	<dict>
		<key>archiveVersion</key>
		<string>1</string>
		<key>classes</key>
		<dict />
		<key>objectVersion</key>
		<string>46</string>
		<key>objects</key>
		<dict>
			<key>CE4E46227322EED066E9F66A</key>
			<dict>
				<key>explicitFileType</key>
				<string>sourcecode.c.h</string>
				<key>fileEncoding</key>
				<string>30</string>
				<key>isa</key>
				<string>PBXFileReference</string>
				<key>name</key>
				<string>ofxToggle.h</string>
				<key>path</key>
				<string>../of_v0.9.8_osx_release/addons/ofxGui/src/ofxToggle.h</string>
				<key>sourceTree</key>
				<string>SOURCE_ROOT</string>
			</dict>
			<key>EBEAA6AAB36ADDF4AE522D7F</key>
			<dict>
				<key>fileRef</key>
				<string>EE145E22B3364A622580590E</string>
				<key>isa</key>
				<string>PBXBuildFile</string>
			</dict>
			<key>EE145E22B3364A622580590E</key>
			<dict>
				<key>explicitFileType</key>
				<string>sourcecode.cpp.cpp</string>
				<key>fileEncoding</key>
				<string>30</string>
				<key>isa</key>
				<string>PBXFileReference</string>
				<key>name</key>
				<string>ofxToggle.cpp</string>
				<key>path</key>
				<string>../of_v0.9.8_osx_release/addons/ofxGui/src/ofxToggle.cpp</string>
				<key>sourceTree</key>
				<string>SOURCE_ROOT</string>
			</dict>
			<key>033A5FD515CA2FC2D6A981F2</key>
			<dict>
				<key>explicitFileType</key>
				<string>sourcecode.c.h</string>
				<key>fileEncoding</key>
				<string>30</string>
				<key>isa</key>
				<string>PBXFileReference</string>
				<key>name</key>
				<string>ofxSliderGroup.h</string>
				<key>path</key>
				<string>../of_v0.9.8_osx_release/addons/ofxGui/src/ofxSliderGroup.h</string>
				<key>sourceTree</key>
				<string>SOURCE_ROOT</string>
			</dict>
			<key>86DB2512D93A40CC26FD5300</key>
			<dict>
				<key>fileRef</key>
				<string>81456414F9BABF4D1F7A1852</string>
				<key>isa</key>
				<string>PBXBuildFile</string>
			</dict>
			<key>81456414F9BABF4D1F7A1852</key>
			<dict>
				<key>explicitFileType</key>
				<string>sourcecode.cpp.cpp</string>
				<key>fileEncoding</key>
				<string>30</string>
				<key>isa</key>
				<string>PBXFileReference</string>
				<key>name</key>
				<string>ofxSliderGroup.cpp</string>
				<key>path</key>
				<string>../of_v0.9.8_osx_release/addons/ofxGui/src/ofxSliderGroup.cpp</string>
				<key>sourceTree</key>
				<string>SOURCE_ROOT</string>
			</dict>
			<key>E01DE8AD0B268874348E7B35</key>
			<dict>
				<key>explicitFileType</key>
				<string>sourcecode.c.h</string>
				<key>fileEncoding</key>
				<string>30</string>
				<key>isa</key>
				<string>PBXFileReference</string>
				<key>name</key>
				<string>ofxSlider.h</string>
				<key>path</key>
				<string>../of_v0.9.8_osx_release/addons/ofxGui/src/ofxSlider.h</string>
				<key>sourceTree</key>
				<string>SOURCE_ROOT</string>
			</dict>
			<key>EA0FEA95DC03ACE3DB82A901</key>
			<dict>
				<key>fileRef</key>
				<string>6776555F75F3344CA51F8CFD</string>
				<key>isa</key>
				<string>PBXBuildFile</string>
			</dict>
			<key>6776555F75F3344CA51F8CFD</key>
			<dict>
				<key>explicitFileType</key>
				<string>sourcecode.cpp.cpp</string>
				<key>fileEncoding</key>
				<string>30</string>
				<key>isa</key>
				<string>PBXFileReference</string>
				<key>name</key>
				<string>ofxSlider.cpp</string>
				<key>path</key>
				<string>../of_v0.9.8_osx_release/addons/ofxGui/src/ofxSlider.cpp</string>
				<key>sourceTree</key>
				<string>SOURCE_ROOT</string>
			</dict>
			<key>009A6EAC56E6D6853F43D3D6</key>
			<dict>
				<key>explicitFileType</key>
				<string>sourcecode.c.h</string>
				<key>fileEncoding</key>
				<string>30</string>
				<key>isa</key>
				<string>PBXFileReference</string>
				<key>name</key>
				<string>ofxPanel.h</string>
				<key>path</key>
				<string>../of_v0.9.8_osx_release/addons/ofxGui/src/ofxPanel.h</string>
				<key>sourceTree</key>
				<string>SOURCE_ROOT</string>
			</dict>
			<key>5E8372419354DC91ACF64158</key>
			<dict>
				<key>fileRef</key>
				<string>E00894D9E32E58010713B6EE</string>
				<key>isa</key>
				<string>PBXBuildFile</string>
			</dict>
			<key>E00894D9E32E58010713B6EE</key>
			<dict>
				<key>explicitFileType</key>
				<string>sourcecode.cpp.cpp</string>
				<key>fileEncoding</key>
				<string>30</string>
				<key>isa</key>
				<string>PBXFileReference</string>
				<key>name</key>
				<string>ofxPanel.cpp</string>
				<key>path</key>
				<string>../of_v0.9.8_osx_release/addons/ofxGui/src/ofxPanel.cpp</string>
				<key>sourceTree</key>
				<string>SOURCE_ROOT</string>
			</dict>
			<key>4682EA8C6A9B89BFF518AC5F</key>
			<dict>
				<key>explicitFileType</key>
				<string>sourcecode.c.h</string>
				<key>fileEncoding</key>
				<string>30</string>
				<key>isa</key>
				<string>PBXFileReference</string>
				<key>name</key>
				<string>ofxLabel.h</string>
				<key>path</key>
				<string>../of_v0.9.8_osx_release/addons/ofxGui/src/ofxLabel.h</string>
				<key>sourceTree</key>
				<string>SOURCE_ROOT</string>
			</dict>
			<key>0E50C5A7BF564C8ADF1F5EA1</key>
			<dict>
				<key>fileRef</key>
				<string>AE9A97F4BCF6B380C4CEE1F2</string>
				<key>isa</key>
				<string>PBXBuildFile</string>
			</dict>
			<key>AE9A97F4BCF6B380C4CEE1F2</key>
			<dict>
				<key>explicitFileType</key>
				<string>sourcecode.cpp.cpp</string>
				<key>fileEncoding</key>
				<string>30</string>
				<key>isa</key>
				<string>PBXFileReference</string>
				<key>name</key>
				<string>ofxLabel.cpp</string>
				<key>path</key>
				<string>../of_v0.9.8_osx_release/addons/ofxGui/src/ofxLabel.cpp</string>
				<key>sourceTree</key>
				<string>SOURCE_ROOT</string>
			</dict>
			<key>8487B5B77A3BB190C2921141</key>
			<dict>
				<key>explicitFileType</key>
				<string>sourcecode.c.h</string>
				<key>fileEncoding</key>
				<string>30</string>
				<key>isa</key>
				<string>PBXFileReference</string>
				<key>name</key>
				<string>ofxGuiGroup.h</string>
				<key>path</key>
				<string>../of_v0.9.8_osx_release/addons/ofxGui/src/ofxGuiGroup.h</string>
				<key>sourceTree</key>
				<string>SOURCE_ROOT</string>
			</dict>
			<key>7B8878B96364B4281D040334</key>
			<dict>
				<key>fileRef</key>
				<string>2BFEAAD4C3497DAA24786C01</string>
				<key>isa</key>
				<string>PBXBuildFile</string>
			</dict>
			<key>2BFEAAD4C3497DAA24786C01</key>
			<dict>
				<key>explicitFileType</key>
				<string>sourcecode.cpp.cpp</string>
				<key>fileEncoding</key>
				<string>30</string>
				<key>isa</key>
				<string>PBXFileReference</string>
				<key>name</key>
				<string>ofxGuiGroup.cpp</string>
				<key>path</key>
				<string>../of_v0.9.8_osx_release/addons/ofxGui/src/ofxGuiGroup.cpp</string>
				<key>sourceTree</key>
				<string>SOURCE_ROOT</string>
			</dict>
			<key>D9468C0A93DCF3E03F1825A7</key>
			<dict>
				<key>explicitFileType</key>
				<string>sourcecode.c.h</string>
				<key>fileEncoding</key>
				<string>30</string>
				<key>isa</key>
				<string>PBXFileReference</string>
				<key>name</key>
				<string>ofxGui.h</string>
				<key>path</key>
				<string>../of_v0.9.8_osx_release/addons/ofxGui/src/ofxGui.h</string>
				<key>sourceTree</key>
				<string>SOURCE_ROOT</string>
			</dict>
			<key>A72A195386E82DE26FAE39E7</key>
			<dict>
				<key>explicitFileType</key>
				<string>sourcecode.c.h</string>
				<key>fileEncoding</key>
				<string>30</string>
				<key>isa</key>
				<string>PBXFileReference</string>
				<key>name</key>
				<string>ofxButton.h</string>
				<key>path</key>
				<string>../of_v0.9.8_osx_release/addons/ofxGui/src/ofxButton.h</string>
				<key>sourceTree</key>
				<string>SOURCE_ROOT</string>
			</dict>
			<key>4B96D886F681F80F6ABDB2C5</key>
			<dict>
				<key>fileRef</key>
				<string>78F1FB18A1BD1AB910F1DA06</string>
				<key>isa</key>
				<string>PBXBuildFile</string>
			</dict>
			<key>78F1FB18A1BD1AB910F1DA06</key>
			<dict>
				<key>explicitFileType</key>
				<string>sourcecode.cpp.cpp</string>
				<key>fileEncoding</key>
				<string>30</string>
				<key>isa</key>
				<string>PBXFileReference</string>
				<key>name</key>
				<string>ofxButton.cpp</string>
				<key>path</key>
				<string>../of_v0.9.8_osx_release/addons/ofxGui/src/ofxButton.cpp</string>
				<key>sourceTree</key>
				<string>SOURCE_ROOT</string>
			</dict>
			<key>1C797B7EB7277036AA5CA6F5</key>
			<dict>
				<key>explicitFileType</key>
				<string>sourcecode.c.h</string>
				<key>fileEncoding</key>
				<string>30</string>
				<key>isa</key>
				<string>PBXFileReference</string>
				<key>name</key>
				<string>ofxBaseGui.h</string>
				<key>path</key>
				<string>../of_v0.9.8_osx_release/addons/ofxGui/src/ofxBaseGui.h</string>
				<key>sourceTree</key>
				<string>SOURCE_ROOT</string>
			</dict>
			<key>A763ED608B35AE3310251DEE</key>
			<dict>
				<key>children</key>
				<array>
					<string>BA613057D1309446CBC440B4</string>
					<string>1C797B7EB7277036AA5CA6F5</string>
					<string>78F1FB18A1BD1AB910F1DA06</string>
					<string>A72A195386E82DE26FAE39E7</string>
					<string>D9468C0A93DCF3E03F1825A7</string>
					<string>2BFEAAD4C3497DAA24786C01</string>
					<string>8487B5B77A3BB190C2921141</string>
					<string>AE9A97F4BCF6B380C4CEE1F2</string>
					<string>4682EA8C6A9B89BFF518AC5F</string>
					<string>E00894D9E32E58010713B6EE</string>
					<string>009A6EAC56E6D6853F43D3D6</string>
					<string>6776555F75F3344CA51F8CFD</string>
					<string>E01DE8AD0B268874348E7B35</string>
					<string>81456414F9BABF4D1F7A1852</string>
					<string>033A5FD515CA2FC2D6A981F2</string>
					<string>EE145E22B3364A622580590E</string>
					<string>CE4E46227322EED066E9F66A</string>
				</array>
				<key>isa</key>
				<string>PBXGroup</string>
				<key>name</key>
				<string>src</string>
				<key>sourceTree</key>
				<string>&lt;group&gt;</string>
			</dict>
			<key>480A780D8D0308AE4A368801</key>
			<dict>
				<key>children</key>
				<array>
					<string>A763ED608B35AE3310251DEE</string>
				</array>
				<key>isa</key>
				<string>PBXGroup</string>
				<key>name</key>
				<string>ofxGui</string>
				<key>sourceTree</key>
				<string>&lt;group&gt;</string>
			</dict>
			<key>E0212F3890DEFDC15BBDF0C6</key>
			<dict>
				<key>fileRef</key>
				<string>BA613057D1309446CBC440B4</string>
				<key>isa</key>
				<string>PBXBuildFile</string>
			</dict>
			<key>BA613057D1309446CBC440B4</key>
			<dict>
				<key>explicitFileType</key>
				<string>sourcecode.cpp.cpp</string>
				<key>fileEncoding</key>
				<string>30</string>
				<key>isa</key>
				<string>PBXFileReference</string>
				<key>name</key>
				<string>ofxBaseGui.cpp</string>
				<key>path</key>
				<string>../of_v0.9.8_osx_release/addons/ofxGui/src/ofxBaseGui.cpp</string>
				<key>sourceTree</key>
				<string>SOURCE_ROOT</string>
			</dict>
			<key>501B71E80A6954F31F9953C1</key>
			<dict>
				<key>explicitFileType</key>
				<string>sourcecode.c.h</string>
				<key>fileEncoding</key>
				<string>30</string>
				<key>isa</key>
				<string>PBXFileReference</string>
				<key>name</key>
				<string>ftVTFieldShader.h</string>
				<key>path</key>
				<string>../of_v0.9.8_osx_release/addons/ofxFlowTools/src/visualisation/ftVTFieldShader.h</string>
				<key>sourceTree</key>
				<string>SOURCE_ROOT</string>
			</dict>
			<key>4A279D009F56AE05B4801940</key>
			<dict>
				<key>explicitFileType</key>
				<string>sourcecode.c.h</string>
				<key>fileEncoding</key>
				<string>30</string>
				<key>isa</key>
				<string>PBXFileReference</string>
				<key>name</key>
				<string>ftVTField.h</string>
				<key>path</key>
				<string>../of_v0.9.8_osx_release/addons/ofxFlowTools/src/visualisation/ftVTField.h</string>
				<key>sourceTree</key>
				<string>SOURCE_ROOT</string>
			</dict>
			<key>C9A40FA818FFCC76FA7D5C81</key>
			<dict>
				<key>explicitFileType</key>
				<string>sourcecode.c.h</string>
				<key>fileEncoding</key>
				<string>30</string>
				<key>isa</key>
				<string>PBXFileReference</string>
				<key>name</key>
				<string>ftVelocitySpheresShader.h</string>
				<key>path</key>
				<string>../of_v0.9.8_osx_release/addons/ofxFlowTools/src/visualisation/ftVelocitySpheresShader.h</string>
				<key>sourceTree</key>
				<string>SOURCE_ROOT</string>
			</dict>
			<key>FFCEE5F91651763CDAF6ABEB</key>
			<dict>
				<key>explicitFileType</key>
				<string>sourcecode.c.h</string>
				<key>fileEncoding</key>
				<string>30</string>
				<key>isa</key>
				<string>PBXFileReference</string>
				<key>name</key>
				<string>ftVelocitySpheres.h</string>
				<key>path</key>
				<string>../of_v0.9.8_osx_release/addons/ofxFlowTools/src/visualisation/ftVelocitySpheres.h</string>
				<key>sourceTree</key>
				<string>SOURCE_ROOT</string>
			</dict>
			<key>399C55F1A94939336FABBC6F</key>
			<dict>
				<key>explicitFileType</key>
				<string>sourcecode.c.h</string>
				<key>fileEncoding</key>
				<string>30</string>
				<key>isa</key>
				<string>PBXFileReference</string>
				<key>name</key>
				<string>ftVelocityFieldShaderTest.h</string>
				<key>path</key>
				<string>../of_v0.9.8_osx_release/addons/ofxFlowTools/src/visualisation/ftVelocityFieldShaderTest.h</string>
				<key>sourceTree</key>
				<string>SOURCE_ROOT</string>
			</dict>
			<key>57556EA50022B72F45A03AF1</key>
			<dict>
				<key>explicitFileType</key>
				<string>sourcecode.c.h</string>
				<key>fileEncoding</key>
				<string>30</string>
				<key>isa</key>
				<string>PBXFileReference</string>
				<key>name</key>
				<string>ftVelocityFieldShader_Orig.h</string>
				<key>path</key>
				<string>../of_v0.9.8_osx_release/addons/ofxFlowTools/src/visualisation/ftVelocityFieldShader_Orig.h</string>
				<key>sourceTree</key>
				<string>SOURCE_ROOT</string>
			</dict>
			<key>5B2C4153510553B3C99534A8</key>
			<dict>
				<key>explicitFileType</key>
				<string>sourcecode.c.h</string>
				<key>fileEncoding</key>
				<string>30</string>
				<key>isa</key>
				<string>PBXFileReference</string>
				<key>name</key>
				<string>ftVelocityFieldShader.h</string>
				<key>path</key>
				<string>../of_v0.9.8_osx_release/addons/ofxFlowTools/src/visualisation/ftVelocityFieldShader.h</string>
				<key>sourceTree</key>
				<string>SOURCE_ROOT</string>
			</dict>
			<key>63EE3C28A7D96A03FCBC02AB</key>
			<dict>
				<key>explicitFileType</key>
				<string>sourcecode.c.h</string>
				<key>fileEncoding</key>
				<string>30</string>
				<key>isa</key>
				<string>PBXFileReference</string>
				<key>name</key>
				<string>ftVelocityField.h</string>
				<key>path</key>
				<string>../of_v0.9.8_osx_release/addons/ofxFlowTools/src/visualisation/ftVelocityField.h</string>
				<key>sourceTree</key>
				<string>SOURCE_ROOT</string>
			</dict>
			<key>EA71BDB81B0B927829637AF0</key>
			<dict>
				<key>explicitFileType</key>
				<string>sourcecode.c.h</string>
				<key>fileEncoding</key>
				<string>30</string>
				<key>isa</key>
				<string>PBXFileReference</string>
				<key>name</key>
				<string>ftTemperatureFieldShader.h</string>
				<key>path</key>
				<string>../of_v0.9.8_osx_release/addons/ofxFlowTools/src/visualisation/ftTemperatureFieldShader.h</string>
				<key>sourceTree</key>
				<string>SOURCE_ROOT</string>
			</dict>
			<key>46E4BFD3D5FECA5B6D6085F5</key>
			<dict>
				<key>explicitFileType</key>
				<string>sourcecode.c.h</string>
				<key>fileEncoding</key>
				<string>30</string>
				<key>isa</key>
				<string>PBXFileReference</string>
				<key>name</key>
				<string>ftTemperatureField.h</string>
				<key>path</key>
				<string>../of_v0.9.8_osx_release/addons/ofxFlowTools/src/visualisation/ftTemperatureField.h</string>
				<key>sourceTree</key>
				<string>SOURCE_ROOT</string>
			</dict>
			<key>E8C1C0E7F37CBA58F600BEAE</key>
			<dict>
				<key>explicitFileType</key>
				<string>sourcecode.c.h</string>
				<key>fileEncoding</key>
				<string>30</string>
				<key>isa</key>
				<string>PBXFileReference</string>
				<key>name</key>
				<string>ftPressureFieldShader.h</string>
				<key>path</key>
				<string>../of_v0.9.8_osx_release/addons/ofxFlowTools/src/visualisation/ftPressureFieldShader.h</string>
				<key>sourceTree</key>
				<string>SOURCE_ROOT</string>
			</dict>
			<key>EC5F18785D3B6584D450FC00</key>
			<dict>
				<key>explicitFileType</key>
				<string>sourcecode.c.h</string>
				<key>fileEncoding</key>
				<string>30</string>
				<key>isa</key>
				<string>PBXFileReference</string>
				<key>name</key>
				<string>ftPressureField.h</string>
				<key>path</key>
				<string>../of_v0.9.8_osx_release/addons/ofxFlowTools/src/visualisation/ftPressureField.h</string>
				<key>sourceTree</key>
				<string>SOURCE_ROOT</string>
			</dict>
			<key>01D88CC9EF3C66D6372651C5</key>
			<dict>
				<key>explicitFileType</key>
				<string>sourcecode.c.h</string>
				<key>fileEncoding</key>
				<string>30</string>
				<key>isa</key>
				<string>PBXFileReference</string>
				<key>name</key>
				<string>ftDisplayScalarShader.h</string>
				<key>path</key>
				<string>../of_v0.9.8_osx_release/addons/ofxFlowTools/src/visualisation/ftDisplayScalarShader.h</string>
				<key>sourceTree</key>
				<string>SOURCE_ROOT</string>
			</dict>
			<key>3921884BF51EF7661ED64724</key>
			<dict>
				<key>children</key>
				<array>
					<string>FE8CA77C2090D38ADA206721</string>
					<string>01D88CC9EF3C66D6372651C5</string>
					<string>EC5F18785D3B6584D450FC00</string>
					<string>E8C1C0E7F37CBA58F600BEAE</string>
					<string>46E4BFD3D5FECA5B6D6085F5</string>
					<string>EA71BDB81B0B927829637AF0</string>
					<string>63EE3C28A7D96A03FCBC02AB</string>
					<string>5B2C4153510553B3C99534A8</string>
					<string>57556EA50022B72F45A03AF1</string>
					<string>399C55F1A94939336FABBC6F</string>
					<string>FFCEE5F91651763CDAF6ABEB</string>
					<string>C9A40FA818FFCC76FA7D5C81</string>
					<string>4A279D009F56AE05B4801940</string>
					<string>501B71E80A6954F31F9953C1</string>
				</array>
				<key>isa</key>
				<string>PBXGroup</string>
				<key>name</key>
				<string>visualisation</string>
				<key>sourceTree</key>
				<string>&lt;group&gt;</string>
			</dict>
			<key>FE8CA77C2090D38ADA206721</key>
			<dict>
				<key>explicitFileType</key>
				<string>sourcecode.c.h</string>
				<key>fileEncoding</key>
				<string>30</string>
				<key>isa</key>
				<string>PBXFileReference</string>
				<key>name</key>
				<string>ftDisplayScalar.h</string>
				<key>path</key>
				<string>../of_v0.9.8_osx_release/addons/ofxFlowTools/src/visualisation/ftDisplayScalar.h</string>
				<key>sourceTree</key>
				<string>SOURCE_ROOT</string>
			</dict>
			<key>ADE02EA40D8197EEBA60FF5E</key>
			<dict>
				<key>explicitFileType</key>
				<string>sourcecode.c.h</string>
				<key>fileEncoding</key>
				<string>30</string>
				<key>isa</key>
				<string>PBXFileReference</string>
				<key>name</key>
				<string>ftToScalarShader.h</string>
				<key>path</key>
				<string>../of_v0.9.8_osx_release/addons/ofxFlowTools/src/tools/ftToScalarShader.h</string>
				<key>sourceTree</key>
				<string>SOURCE_ROOT</string>
			</dict>
			<key>6C45921C7CE497E0311A050C</key>
			<dict>
				<key>explicitFileType</key>
				<string>sourcecode.c.h</string>
				<key>fileEncoding</key>
				<string>30</string>
				<key>isa</key>
				<string>PBXFileReference</string>
				<key>name</key>
				<string>ftToScalar.h</string>
				<key>path</key>
				<string>../of_v0.9.8_osx_release/addons/ofxFlowTools/src/tools/ftToScalar.h</string>
				<key>sourceTree</key>
				<string>SOURCE_ROOT</string>
			</dict>
			<key>C834322DA42E9291FF6CC051</key>
			<dict>
				<key>explicitFileType</key>
				<string>sourcecode.c.h</string>
				<key>fileEncoding</key>
				<string>30</string>
				<key>isa</key>
				<string>PBXFileReference</string>
				<key>name</key>
				<string>ftRedToLuminanceShader.h</string>
				<key>path</key>
				<string>../of_v0.9.8_osx_release/addons/ofxFlowTools/src/tools/ftRedToLuminanceShader.h</string>
				<key>sourceTree</key>
				<string>SOURCE_ROOT</string>
			</dict>
			<key>CC16ED663C3F740AE2938FEA</key>
			<dict>
				<key>explicitFileType</key>
				<string>sourcecode.c.h</string>
				<key>fileEncoding</key>
				<string>30</string>
				<key>isa</key>
				<string>PBXFileReference</string>
				<key>name</key>
				<string>ftNormalizationShader.h</string>
				<key>path</key>
				<string>../of_v0.9.8_osx_release/addons/ofxFlowTools/src/tools/ftNormalizationShader.h</string>
				<key>sourceTree</key>
				<string>SOURCE_ROOT</string>
			</dict>
			<key>FDAFD1C984DB4BBC7C7990C4</key>
			<dict>
				<key>explicitFileType</key>
				<string>sourcecode.c.h</string>
				<key>fileEncoding</key>
				<string>30</string>
				<key>isa</key>
				<string>PBXFileReference</string>
				<key>name</key>
				<string>ftEaseShader.h</string>
				<key>path</key>
				<string>../of_v0.9.8_osx_release/addons/ofxFlowTools/src/tools/ftEaseShader.h</string>
				<key>sourceTree</key>
				<string>SOURCE_ROOT</string>
			</dict>
			<key>2801582F1128A8A6A2405A54</key>
			<dict>
				<key>explicitFileType</key>
				<string>sourcecode.c.h</string>
				<key>fileEncoding</key>
				<string>30</string>
				<key>isa</key>
				<string>PBXFileReference</string>
				<key>name</key>
				<string>ftDensityVec2Multiplier.h</string>
				<key>path</key>
				<string>../of_v0.9.8_osx_release/addons/ofxFlowTools/src/tools/ftDensityVec2Multiplier.h</string>
				<key>sourceTree</key>
				<string>SOURCE_ROOT</string>
			</dict>
			<key>C6E106B02FEA9A7E57761EBB</key>
			<dict>
				<key>explicitFileType</key>
				<string>sourcecode.c.h</string>
				<key>fileEncoding</key>
				<string>30</string>
				<key>isa</key>
				<string>PBXFileReference</string>
				<key>name</key>
				<string>ftDensityFloatMultiplier.h</string>
				<key>path</key>
				<string>../of_v0.9.8_osx_release/addons/ofxFlowTools/src/tools/ftDensityFloatMultiplier.h</string>
				<key>sourceTree</key>
				<string>SOURCE_ROOT</string>
			</dict>
			<key>9AA09FF1EB759572B3532AA0</key>
			<dict>
				<key>explicitFileType</key>
				<string>sourcecode.c.h</string>
				<key>fileEncoding</key>
				<string>30</string>
				<key>isa</key>
				<string>PBXFileReference</string>
				<key>name</key>
				<string>ftClampLengthShader.h</string>
				<key>path</key>
				<string>../of_v0.9.8_osx_release/addons/ofxFlowTools/src/tools/ftClampLengthShader.h</string>
				<key>sourceTree</key>
				<string>SOURCE_ROOT</string>
			</dict>
			<key>0267B5F608E7C7ADF66FFF56</key>
			<dict>
				<key>explicitFileType</key>
				<string>sourcecode.c.h</string>
				<key>fileEncoding</key>
				<string>30</string>
				<key>isa</key>
				<string>PBXFileReference</string>
				<key>name</key>
				<string>ftAverageVelocity.h</string>
				<key>path</key>
				<string>../of_v0.9.8_osx_release/addons/ofxFlowTools/src/tools/ftAverageVelocity.h</string>
				<key>sourceTree</key>
				<string>SOURCE_ROOT</string>
			</dict>
			<key>043841CA2FC449BED47A989C</key>
			<dict>
				<key>fileRef</key>
				<string>ABC8D0AA5FC9582EA14F7A74</string>
				<key>isa</key>
				<string>PBXBuildFile</string>
			</dict>
			<key>ABC8D0AA5FC9582EA14F7A74</key>
			<dict>
				<key>explicitFileType</key>
				<string>sourcecode.cpp.cpp</string>
				<key>fileEncoding</key>
				<string>30</string>
				<key>isa</key>
				<string>PBXFileReference</string>
				<key>name</key>
				<string>ftAverageVelocity.cpp</string>
				<key>path</key>
				<string>../of_v0.9.8_osx_release/addons/ofxFlowTools/src/tools/ftAverageVelocity.cpp</string>
				<key>sourceTree</key>
				<string>SOURCE_ROOT</string>
			</dict>
			<key>6E097110330F60F3FF60028D</key>
			<dict>
				<key>children</key>
				<array>
					<string>CB8FA029A310434113CA7CC8</string>
					<string>ABC8D0AA5FC9582EA14F7A74</string>
					<string>0267B5F608E7C7ADF66FFF56</string>
					<string>9AA09FF1EB759572B3532AA0</string>
					<string>C6E106B02FEA9A7E57761EBB</string>
					<string>2801582F1128A8A6A2405A54</string>
					<string>FDAFD1C984DB4BBC7C7990C4</string>
					<string>CC16ED663C3F740AE2938FEA</string>
					<string>C834322DA42E9291FF6CC051</string>
					<string>6C45921C7CE497E0311A050C</string>
					<string>ADE02EA40D8197EEBA60FF5E</string>
				</array>
				<key>isa</key>
				<string>PBXGroup</string>
				<key>name</key>
				<string>tools</string>
				<key>sourceTree</key>
				<string>&lt;group&gt;</string>
			</dict>
			<key>CB8FA029A310434113CA7CC8</key>
			<dict>
				<key>explicitFileType</key>
				<string>sourcecode.c.h</string>
				<key>fileEncoding</key>
				<string>30</string>
				<key>isa</key>
				<string>PBXFileReference</string>
				<key>name</key>
				<string>ftAddForceShader.h</string>
				<key>path</key>
				<string>../of_v0.9.8_osx_release/addons/ofxFlowTools/src/tools/ftAddForceShader.h</string>
				<key>sourceTree</key>
				<string>SOURCE_ROOT</string>
			</dict>
			<key>87A38A72DD09244C5278114C</key>
			<dict>
				<key>explicitFileType</key>
				<string>sourcecode.c.h</string>
				<key>fileEncoding</key>
				<string>30</string>
				<key>isa</key>
				<string>PBXFileReference</string>
				<key>name</key>
				<string>ftSvFromVelocityShader.h</string>
				<key>path</key>
				<string>../of_v0.9.8_osx_release/addons/ofxFlowTools/src/splitvelocity/ftSvFromVelocityShader.h</string>
				<key>sourceTree</key>
				<string>SOURCE_ROOT</string>
			</dict>
			<key>177CE18F6F35DBF23F008044</key>
			<dict>
				<key>explicitFileType</key>
				<string>sourcecode.c.h</string>
				<key>fileEncoding</key>
				<string>30</string>
				<key>isa</key>
				<string>PBXFileReference</string>
				<key>name</key>
				<string>ftSvFieldShader.h</string>
				<key>path</key>
				<string>../of_v0.9.8_osx_release/addons/ofxFlowTools/src/splitvelocity/ftSvFieldShader.h</string>
				<key>sourceTree</key>
				<string>SOURCE_ROOT</string>
			</dict>
			<key>3A9E1ED83EBD63EF5C2D5957</key>
			<dict>
				<key>explicitFileType</key>
				<string>sourcecode.c.h</string>
				<key>fileEncoding</key>
				<string>30</string>
				<key>isa</key>
				<string>PBXFileReference</string>
				<key>name</key>
				<string>ftSvField.h</string>
				<key>path</key>
				<string>../of_v0.9.8_osx_release/addons/ofxFlowTools/src/splitvelocity/ftSvField.h</string>
				<key>sourceTree</key>
				<string>SOURCE_ROOT</string>
			</dict>
			<key>E08C282FC9E04D201CC62CA8</key>
			<dict>
				<key>explicitFileType</key>
				<string>sourcecode.c.h</string>
				<key>fileEncoding</key>
				<string>30</string>
				<key>isa</key>
				<string>PBXFileReference</string>
				<key>name</key>
				<string>ftSvDisplayScalarShader.h</string>
				<key>path</key>
				<string>../of_v0.9.8_osx_release/addons/ofxFlowTools/src/splitvelocity/ftSvDisplayScalarShader.h</string>
				<key>sourceTree</key>
				<string>SOURCE_ROOT</string>
			</dict>
			<key>3B802090C51455910F329382</key>
			<dict>
				<key>explicitFileType</key>
				<string>sourcecode.c.h</string>
				<key>fileEncoding</key>
				<string>30</string>
				<key>isa</key>
				<string>PBXFileReference</string>
				<key>name</key>
				<string>ftSvDisplayScalar.h</string>
				<key>path</key>
				<string>../of_v0.9.8_osx_release/addons/ofxFlowTools/src/splitvelocity/ftSvDisplayScalar.h</string>
				<key>sourceTree</key>
				<string>SOURCE_ROOT</string>
			</dict>
			<key>EEF81F05C462E5659E92CF27</key>
			<dict>
				<key>explicitFileType</key>
				<string>sourcecode.c.h</string>
				<key>fileEncoding</key>
				<string>30</string>
				<key>isa</key>
				<string>PBXFileReference</string>
				<key>name</key>
				<string>ftSvAverage.h</string>
				<key>path</key>
				<string>../of_v0.9.8_osx_release/addons/ofxFlowTools/src/splitvelocity/ftSvAverage.h</string>
				<key>sourceTree</key>
				<string>SOURCE_ROOT</string>
			</dict>
			<key>2B5A9808C712F5AFB40AA36C</key>
			<dict>
				<key>children</key>
				<array>
					<string>B105C4FD4641E132059031D5</string>
					<string>EEF81F05C462E5659E92CF27</string>
					<string>3B802090C51455910F329382</string>
					<string>E08C282FC9E04D201CC62CA8</string>
					<string>3A9E1ED83EBD63EF5C2D5957</string>
					<string>177CE18F6F35DBF23F008044</string>
					<string>87A38A72DD09244C5278114C</string>
				</array>
				<key>isa</key>
				<string>PBXGroup</string>
				<key>name</key>
				<string>splitvelocity</string>
				<key>sourceTree</key>
				<string>&lt;group&gt;</string>
			</dict>
			<key>50F5CD69067E23497771886E</key>
			<dict>
				<key>fileRef</key>
				<string>B105C4FD4641E132059031D5</string>
				<key>isa</key>
				<string>PBXBuildFile</string>
			</dict>
			<key>B105C4FD4641E132059031D5</key>
			<dict>
				<key>explicitFileType</key>
				<string>sourcecode.cpp.cpp</string>
				<key>fileEncoding</key>
				<string>30</string>
				<key>isa</key>
				<string>PBXFileReference</string>
				<key>name</key>
				<string>ftSvAverage.cpp</string>
				<key>path</key>
				<string>../of_v0.9.8_osx_release/addons/ofxFlowTools/src/splitvelocity/ftSvAverage.cpp</string>
				<key>sourceTree</key>
				<string>SOURCE_ROOT</string>
			</dict>
			<key>F42FDC6F7A54EB2321C3B0E1</key>
			<dict>
				<key>explicitFileType</key>
				<string>sourcecode.c.h</string>
				<key>fileEncoding</key>
				<string>30</string>
				<key>isa</key>
				<string>PBXFileReference</string>
				<key>name</key>
				<string>ftParticleFlow.h</string>
				<key>path</key>
				<string>../of_v0.9.8_osx_release/addons/ofxFlowTools/src/particles/ftParticleFlow.h</string>
				<key>sourceTree</key>
				<string>SOURCE_ROOT</string>
			</dict>
			<key>6EBEFCF37E2601A76E883DCC</key>
			<dict>
				<key>fileRef</key>
				<string>6AA1BC7373E7C7703B8D663F</string>
				<key>isa</key>
				<string>PBXBuildFile</string>
			</dict>
			<key>6AA1BC7373E7C7703B8D663F</key>
			<dict>
				<key>explicitFileType</key>
				<string>sourcecode.cpp.cpp</string>
				<key>fileEncoding</key>
				<string>30</string>
				<key>isa</key>
				<string>PBXFileReference</string>
				<key>name</key>
				<string>ftParticleFlow.cpp</string>
				<key>path</key>
				<string>../of_v0.9.8_osx_release/addons/ofxFlowTools/src/particles/ftParticleFlow.cpp</string>
				<key>sourceTree</key>
				<string>SOURCE_ROOT</string>
			</dict>
			<key>40F4D4DB168FB03C2BF7E846</key>
			<dict>
				<key>explicitFileType</key>
				<string>sourcecode.c.h</string>
				<key>fileEncoding</key>
				<string>30</string>
				<key>isa</key>
				<string>PBXFileReference</string>
				<key>name</key>
				<string>ftMoveParticleShader.h</string>
				<key>path</key>
				<string>../of_v0.9.8_osx_release/addons/ofxFlowTools/src/particles/ftMoveParticleShader.h</string>
				<key>sourceTree</key>
				<string>SOURCE_ROOT</string>
			</dict>
			<key>4A508F84A41C5BF6A7F69A94</key>
			<dict>
				<key>explicitFileType</key>
				<string>sourcecode.c.h</string>
				<key>fileEncoding</key>
				<string>30</string>
				<key>isa</key>
				<string>PBXFileReference</string>
				<key>name</key>
				<string>ftInitPositionShader.h</string>
				<key>path</key>
				<string>../of_v0.9.8_osx_release/addons/ofxFlowTools/src/particles/ftInitPositionShader.h</string>
				<key>sourceTree</key>
				<string>SOURCE_ROOT</string>
			</dict>
			<key>396A6EC6B754295FF6D795ED</key>
			<dict>
				<key>explicitFileType</key>
				<string>sourcecode.c.h</string>
				<key>fileEncoding</key>
				<string>30</string>
				<key>isa</key>
				<string>PBXFileReference</string>
				<key>name</key>
				<string>ftDrawParticleShader.h</string>
				<key>path</key>
				<string>../of_v0.9.8_osx_release/addons/ofxFlowTools/src/particles/ftDrawParticleShader.h</string>
				<key>sourceTree</key>
				<string>SOURCE_ROOT</string>
			</dict>
			<key>FFEF4C14324021333F122BE8</key>
			<dict>
				<key>children</key>
				<array>
					<string>F0DCE928BEBE2D5E8CA77920</string>
					<string>396A6EC6B754295FF6D795ED</string>
					<string>4A508F84A41C5BF6A7F69A94</string>
					<string>40F4D4DB168FB03C2BF7E846</string>
					<string>6AA1BC7373E7C7703B8D663F</string>
					<string>F42FDC6F7A54EB2321C3B0E1</string>
				</array>
				<key>isa</key>
				<string>PBXGroup</string>
				<key>name</key>
				<string>particles</string>
				<key>sourceTree</key>
				<string>&lt;group&gt;</string>
			</dict>
			<key>F0DCE928BEBE2D5E8CA77920</key>
			<dict>
				<key>explicitFileType</key>
				<string>sourcecode.c.h</string>
				<key>fileEncoding</key>
				<string>30</string>
				<key>isa</key>
				<string>PBXFileReference</string>
				<key>name</key>
				<string>ftAgeLifespanMassSizeParticleShader.h</string>
				<key>path</key>
				<string>../of_v0.9.8_osx_release/addons/ofxFlowTools/src/particles/ftAgeLifespanMassSizeParticleShader.h</string>
				<key>sourceTree</key>
				<string>SOURCE_ROOT</string>
			</dict>
			<key>5716C9FB8D57B466A1FFD96F</key>
			<dict>
				<key>explicitFileType</key>
				<string>sourcecode.c.h</string>
				<key>fileEncoding</key>
				<string>30</string>
				<key>isa</key>
				<string>PBXFileReference</string>
				<key>name</key>
				<string>ftOpticalFlowShader.h</string>
				<key>path</key>
				<string>../of_v0.9.8_osx_release/addons/ofxFlowTools/src/opticalflow/ftOpticalFlowShader.h</string>
				<key>sourceTree</key>
				<string>SOURCE_ROOT</string>
			</dict>
			<key>BAAA9BCC4A3FF06F688BF299</key>
			<dict>
				<key>explicitFileType</key>
				<string>sourcecode.c.h</string>
				<key>fileEncoding</key>
				<string>30</string>
				<key>isa</key>
				<string>PBXFileReference</string>
				<key>name</key>
				<string>ftOpticalFlow.h</string>
				<key>path</key>
				<string>../of_v0.9.8_osx_release/addons/ofxFlowTools/src/opticalflow/ftOpticalFlow.h</string>
				<key>sourceTree</key>
				<string>SOURCE_ROOT</string>
			</dict>
			<key>409F4945999998D29A65827E</key>
			<dict>
				<key>children</key>
				<array>
					<string>BE0AA30D604B3A186F8650AD</string>
					<string>BAAA9BCC4A3FF06F688BF299</string>
					<string>5716C9FB8D57B466A1FFD96F</string>
				</array>
				<key>isa</key>
				<string>PBXGroup</string>
				<key>name</key>
				<string>opticalflow</string>
				<key>sourceTree</key>
				<string>&lt;group&gt;</string>
			</dict>
			<key>5403C8C6DDB67A5E6985A5F5</key>
			<dict>
				<key>fileRef</key>
				<string>BE0AA30D604B3A186F8650AD</string>
				<key>isa</key>
				<string>PBXBuildFile</string>
			</dict>
			<key>BE0AA30D604B3A186F8650AD</key>
			<dict>
				<key>explicitFileType</key>
				<string>sourcecode.cpp.cpp</string>
				<key>fileEncoding</key>
				<string>30</string>
				<key>isa</key>
				<string>PBXFileReference</string>
				<key>name</key>
				<string>ftOpticalFlow.cpp</string>
				<key>path</key>
				<string>../of_v0.9.8_osx_release/addons/ofxFlowTools/src/opticalflow/ftOpticalFlow.cpp</string>
				<key>sourceTree</key>
				<string>SOURCE_ROOT</string>
			</dict>
			<key>2F09ADD159DC2B52FFD96BCA</key>
			<dict>
				<key>explicitFileType</key>
				<string>sourcecode.c.h</string>
				<key>fileEncoding</key>
				<string>30</string>
				<key>isa</key>
				<string>PBXFileReference</string>
				<key>name</key>
				<string>ofxFlowTools.h</string>
				<key>path</key>
				<string>../of_v0.9.8_osx_release/addons/ofxFlowTools/src/ofxFlowTools.h</string>
				<key>sourceTree</key>
				<string>SOURCE_ROOT</string>
			</dict>
			<key>B749C6AB3BCCDC88419FAB08</key>
			<dict>
				<key>explicitFileType</key>
				<string>sourcecode.c.h</string>
				<key>fileEncoding</key>
				<string>30</string>
				<key>isa</key>
				<string>PBXFileReference</string>
				<key>name</key>
				<string>ftVelocityMaskShader.h</string>
				<key>path</key>
				<string>../of_v0.9.8_osx_release/addons/ofxFlowTools/src/mask/ftVelocityMaskShader.h</string>
				<key>sourceTree</key>
				<string>SOURCE_ROOT</string>
			</dict>
			<key>A4921CC0283FBFEEC2C6A021</key>
			<dict>
				<key>explicitFileType</key>
				<string>sourcecode.c.h</string>
				<key>fileEncoding</key>
				<string>30</string>
				<key>isa</key>
				<string>PBXFileReference</string>
				<key>name</key>
				<string>ftVelocityMask.h</string>
				<key>path</key>
				<string>../of_v0.9.8_osx_release/addons/ofxFlowTools/src/mask/ftVelocityMask.h</string>
				<key>sourceTree</key>
				<string>SOURCE_ROOT</string>
			</dict>
			<key>C9D1A917FDDA4767EE0F003A</key>
			<dict>
				<key>children</key>
				<array>
					<string>E80CD3D93CE23C5B8E89A194</string>
					<string>A4921CC0283FBFEEC2C6A021</string>
					<string>B749C6AB3BCCDC88419FAB08</string>
				</array>
				<key>isa</key>
				<string>PBXGroup</string>
				<key>name</key>
				<string>mask</string>
				<key>sourceTree</key>
				<string>&lt;group&gt;</string>
			</dict>
			<key>E9E468CE442B5AC846FEBC3E</key>
			<dict>
				<key>fileRef</key>
				<string>E80CD3D93CE23C5B8E89A194</string>
				<key>isa</key>
				<string>PBXBuildFile</string>
			</dict>
			<key>E80CD3D93CE23C5B8E89A194</key>
			<dict>
				<key>explicitFileType</key>
				<string>sourcecode.cpp.cpp</string>
				<key>fileEncoding</key>
				<string>30</string>
				<key>isa</key>
				<string>PBXFileReference</string>
				<key>name</key>
				<string>ftVelocityMask.cpp</string>
				<key>path</key>
				<string>../of_v0.9.8_osx_release/addons/ofxFlowTools/src/mask/ftVelocityMask.cpp</string>
				<key>sourceTree</key>
				<string>SOURCE_ROOT</string>
			</dict>
			<key>6EA23D617726D3B0C28D208F</key>
			<dict>
				<key>explicitFileType</key>
				<string>sourcecode.c.h</string>
				<key>fileEncoding</key>
				<string>30</string>
				<key>isa</key>
				<string>PBXFileReference</string>
				<key>name</key>
				<string>ftSwapFbo.h</string>
				<key>path</key>
				<string>../of_v0.9.8_osx_release/addons/ofxFlowTools/src/ftSwapFbo.h</string>
				<key>sourceTree</key>
				<string>SOURCE_ROOT</string>
			</dict>
			<key>110C023D84EC2F46EE5EDF8B</key>
			<dict>
				<key>explicitFileType</key>
				<string>sourcecode.c.h</string>
				<key>fileEncoding</key>
				<string>30</string>
				<key>isa</key>
				<string>PBXFileReference</string>
				<key>name</key>
				<string>ftSwapBuffer.h</string>
				<key>path</key>
				<string>../of_v0.9.8_osx_release/addons/ofxFlowTools/src/ftSwapBuffer.h</string>
				<key>sourceTree</key>
				<string>SOURCE_ROOT</string>
			</dict>
			<key>D27ECF73925C46AC44E3B43A</key>
			<dict>
				<key>explicitFileType</key>
				<string>sourcecode.c.h</string>
				<key>fileEncoding</key>
				<string>30</string>
				<key>isa</key>
				<string>PBXFileReference</string>
				<key>name</key>
				<string>ftShader.h</string>
				<key>path</key>
				<string>../of_v0.9.8_osx_release/addons/ofxFlowTools/src/ftShader.h</string>
				<key>sourceTree</key>
				<string>SOURCE_ROOT</string>
			</dict>
			<key>99F0A2CA492FC66AE4940E35</key>
			<dict>
				<key>explicitFileType</key>
				<string>sourcecode.c.h</string>
				<key>fileEncoding</key>
				<string>30</string>
				<key>isa</key>
				<string>PBXFileReference</string>
				<key>name</key>
				<string>ftFbo.h</string>
				<key>path</key>
				<string>../of_v0.9.8_osx_release/addons/ofxFlowTools/src/ftFbo.h</string>
				<key>sourceTree</key>
				<string>SOURCE_ROOT</string>
			</dict>
			<key>93EB147BE08EEE50E10DA002</key>
			<dict>
				<key>explicitFileType</key>
				<string>sourcecode.c.h</string>
				<key>fileEncoding</key>
				<string>30</string>
				<key>isa</key>
				<string>PBXFileReference</string>
				<key>name</key>
				<string>ftVorticitySecondPassShader.h</string>
				<key>path</key>
				<string>../of_v0.9.8_osx_release/addons/ofxFlowTools/src/fluid/ftVorticitySecondPassShader.h</string>
				<key>sourceTree</key>
				<string>SOURCE_ROOT</string>
			</dict>
			<key>95AF7460CCAB4E0DE9FC1A8A</key>
			<dict>
				<key>explicitFileType</key>
				<string>sourcecode.c.h</string>
				<key>fileEncoding</key>
				<string>30</string>
				<key>isa</key>
				<string>PBXFileReference</string>
				<key>name</key>
				<string>ftVorticityFirstPassShader.h</string>
				<key>path</key>
				<string>../of_v0.9.8_osx_release/addons/ofxFlowTools/src/fluid/ftVorticityFirstPassShader.h</string>
				<key>sourceTree</key>
				<string>SOURCE_ROOT</string>
			</dict>
			<key>E49A5B9EC11D8C37F921A464</key>
			<dict>
				<key>explicitFileType</key>
				<string>sourcecode.c.h</string>
				<key>fileEncoding</key>
				<string>30</string>
				<key>isa</key>
				<string>PBXFileReference</string>
				<key>name</key>
				<string>ftSubstractGradientShader.h</string>
				<key>path</key>
				<string>../of_v0.9.8_osx_release/addons/ofxFlowTools/src/fluid/ftSubstractGradientShader.h</string>
				<key>sourceTree</key>
				<string>SOURCE_ROOT</string>
			</dict>
			<key>57A2628F7D7EFAF57D5BC1B4</key>
			<dict>
				<key>explicitFileType</key>
				<string>sourcecode.c.h</string>
				<key>fileEncoding</key>
				<string>30</string>
				<key>isa</key>
				<string>PBXFileReference</string>
				<key>name</key>
				<string>ftSmokeBuoyancyShader.h</string>
				<key>path</key>
				<string>../of_v0.9.8_osx_release/addons/ofxFlowTools/src/fluid/ftSmokeBuoyancyShader.h</string>
				<key>sourceTree</key>
				<string>SOURCE_ROOT</string>
			</dict>
			<key>77F978FD3E2E38A4ADEACCB0</key>
			<dict>
				<key>explicitFileType</key>
				<string>sourcecode.c.h</string>
				<key>fileEncoding</key>
				<string>30</string>
				<key>isa</key>
				<string>PBXFileReference</string>
				<key>name</key>
				<string>ftJacobiShader.h</string>
				<key>path</key>
				<string>../of_v0.9.8_osx_release/addons/ofxFlowTools/src/fluid/ftJacobiShader.h</string>
				<key>sourceTree</key>
				<string>SOURCE_ROOT</string>
			</dict>
			<key>9E6E36027A22B15F11EC7C25</key>
			<dict>
				<key>explicitFileType</key>
				<string>sourcecode.c.h</string>
				<key>fileEncoding</key>
				<string>30</string>
				<key>isa</key>
				<string>PBXFileReference</string>
				<key>name</key>
				<string>ftFluidSimulation.h</string>
				<key>path</key>
				<string>../of_v0.9.8_osx_release/addons/ofxFlowTools/src/fluid/ftFluidSimulation.h</string>
				<key>sourceTree</key>
				<string>SOURCE_ROOT</string>
			</dict>
			<key>93EB3E933B7532A9A4F6677D</key>
			<dict>
				<key>fileRef</key>
				<string>0660E2B967E85B6D597DA057</string>
				<key>isa</key>
				<string>PBXBuildFile</string>
			</dict>
			<key>0660E2B967E85B6D597DA057</key>
			<dict>
				<key>explicitFileType</key>
				<string>sourcecode.cpp.cpp</string>
				<key>fileEncoding</key>
				<string>30</string>
				<key>isa</key>
				<string>PBXFileReference</string>
				<key>name</key>
				<string>ftFluidSimulation.cpp</string>
				<key>path</key>
				<string>../of_v0.9.8_osx_release/addons/ofxFlowTools/src/fluid/ftFluidSimulation.cpp</string>
				<key>sourceTree</key>
				<string>SOURCE_ROOT</string>
			</dict>
			<key>77D94E73455482799AC10D18</key>
			<dict>
				<key>explicitFileType</key>
				<string>sourcecode.c.h</string>
				<key>fileEncoding</key>
				<string>30</string>
				<key>isa</key>
				<string>PBXFileReference</string>
				<key>name</key>
				<string>ftDivergenceShader.h</string>
				<key>path</key>
				<string>../of_v0.9.8_osx_release/addons/ofxFlowTools/src/fluid/ftDivergenceShader.h</string>
				<key>sourceTree</key>
				<string>SOURCE_ROOT</string>
			</dict>
			<key>2B61131AFF566E97F424EAEB</key>
			<dict>
				<key>explicitFileType</key>
				<string>sourcecode.c.h</string>
				<key>fileEncoding</key>
				<string>30</string>
				<key>isa</key>
				<string>PBXFileReference</string>
				<key>name</key>
				<string>ftDiffuseShader.h</string>
				<key>path</key>
				<string>../of_v0.9.8_osx_release/addons/ofxFlowTools/src/fluid/ftDiffuseShader.h</string>
				<key>sourceTree</key>
				<string>SOURCE_ROOT</string>
			</dict>
			<key>37042A211B67E7AAE7F66BED</key>
			<dict>
				<key>children</key>
				<array>
					<string>A568E202CB467616CBD2FDF3</string>
					<string>2B61131AFF566E97F424EAEB</string>
					<string>77D94E73455482799AC10D18</string>
					<string>0660E2B967E85B6D597DA057</string>
					<string>9E6E36027A22B15F11EC7C25</string>
					<string>77F978FD3E2E38A4ADEACCB0</string>
					<string>57A2628F7D7EFAF57D5BC1B4</string>
					<string>E49A5B9EC11D8C37F921A464</string>
					<string>95AF7460CCAB4E0DE9FC1A8A</string>
					<string>93EB147BE08EEE50E10DA002</string>
				</array>
				<key>isa</key>
				<string>PBXGroup</string>
				<key>name</key>
				<string>fluid</string>
				<key>sourceTree</key>
				<string>&lt;group&gt;</string>
			</dict>
			<key>A568E202CB467616CBD2FDF3</key>
			<dict>
				<key>explicitFileType</key>
				<string>sourcecode.c.h</string>
				<key>fileEncoding</key>
				<string>30</string>
				<key>isa</key>
				<string>PBXFileReference</string>
				<key>name</key>
				<string>ftAdvectShader.h</string>
				<key>path</key>
				<string>../of_v0.9.8_osx_release/addons/ofxFlowTools/src/fluid/ftAdvectShader.h</string>
				<key>sourceTree</key>
				<string>SOURCE_ROOT</string>
			</dict>
			<key>35CCD2DF69C2FBF7795577B7</key>
			<dict>
				<key>explicitFileType</key>
				<string>sourcecode.c.h</string>
				<key>fileEncoding</key>
				<string>30</string>
				<key>isa</key>
				<string>PBXFileReference</string>
				<key>name</key>
				<string>ftTimeBlurShader.h</string>
				<key>path</key>
				<string>../of_v0.9.8_osx_release/addons/ofxFlowTools/src/filters/ftTimeBlurShader.h</string>
				<key>sourceTree</key>
				<string>SOURCE_ROOT</string>
			</dict>
			<key>E79D28324442FB91E440AF96</key>
			<dict>
				<key>explicitFileType</key>
				<string>sourcecode.c.h</string>
				<key>fileEncoding</key>
				<string>30</string>
				<key>isa</key>
				<string>PBXFileReference</string>
				<key>name</key>
				<string>ftLuminanceShader.h</string>
				<key>path</key>
				<string>../of_v0.9.8_osx_release/addons/ofxFlowTools/src/filters/ftLuminanceShader.h</string>
				<key>sourceTree</key>
				<string>SOURCE_ROOT</string>
			</dict>
			<key>6B072B82BF3A793362187860</key>
			<dict>
				<key>explicitFileType</key>
				<string>sourcecode.c.h</string>
				<key>fileEncoding</key>
				<string>30</string>
				<key>isa</key>
				<string>PBXFileReference</string>
				<key>name</key>
				<string>ftHSLShader.h</string>
				<key>path</key>
				<string>../of_v0.9.8_osx_release/addons/ofxFlowTools/src/filters/ftHSLShader.h</string>
				<key>sourceTree</key>
				<string>SOURCE_ROOT</string>
			</dict>
			<key>35E362FB6D55F9B5FA5DD345</key>
			<dict>
				<key>explicitFileType</key>
				<string>sourcecode.c.h</string>
				<key>fileEncoding</key>
				<string>30</string>
				<key>isa</key>
				<string>PBXFileReference</string>
				<key>name</key>
				<string>ftGaussianBlurShader.h</string>
				<key>path</key>
				<string>../of_v0.9.8_osx_release/addons/ofxFlowTools/src/filters/ftGaussianBlurShader.h</string>
				<key>sourceTree</key>
				<string>SOURCE_ROOT</string>
			</dict>
			<key>F4B3D4BBFF4A8044A75CE1F9</key>
			<dict>
				<key>explicitFileType</key>
				<string>sourcecode.c.h</string>
				<key>fileEncoding</key>
				<string>30</string>
				<key>isa</key>
				<string>PBXFileReference</string>
				<key>name</key>
				<string>ftEOGShader.h</string>
				<key>path</key>
				<string>../of_v0.9.8_osx_release/addons/ofxFlowTools/src/filters/ftEOGShader.h</string>
				<key>sourceTree</key>
				<string>SOURCE_ROOT</string>
			</dict>
			<key>DC8F301FADE3262E0F3D8835</key>
			<dict>
				<key>explicitFileType</key>
				<string>sourcecode.c.h</string>
				<key>fileEncoding</key>
				<string>30</string>
				<key>isa</key>
				<string>PBXFileReference</string>
				<key>name</key>
				<string>ftDecayShader.h</string>
				<key>path</key>
				<string>../of_v0.9.8_osx_release/addons/ofxFlowTools/src/filters/ftDecayShader.h</string>
				<key>sourceTree</key>
				<string>SOURCE_ROOT</string>
			</dict>
			<key>6A5F6297ACB44A1F73F27B75</key>
			<dict>
				<key>children</key>
				<array>
					<string>C902BE7209CF805E1070BC71</string>
					<string>DC8F301FADE3262E0F3D8835</string>
					<string>F4B3D4BBFF4A8044A75CE1F9</string>
					<string>35E362FB6D55F9B5FA5DD345</string>
					<string>6B072B82BF3A793362187860</string>
					<string>E79D28324442FB91E440AF96</string>
					<string>35CCD2DF69C2FBF7795577B7</string>
				</array>
				<key>isa</key>
				<string>PBXGroup</string>
				<key>name</key>
				<string>filters</string>
				<key>sourceTree</key>
				<string>&lt;group&gt;</string>
			</dict>
			<key>C902BE7209CF805E1070BC71</key>
			<dict>
				<key>explicitFileType</key>
				<string>sourcecode.c.h</string>
				<key>fileEncoding</key>
				<string>30</string>
				<key>isa</key>
				<string>PBXFileReference</string>
				<key>name</key>
				<string>ftContrastShader.h</string>
				<key>path</key>
				<string>../of_v0.9.8_osx_release/addons/ofxFlowTools/src/filters/ftContrastShader.h</string>
				<key>sourceTree</key>
				<string>SOURCE_ROOT</string>
			</dict>
			<key>FF3708739C213E6E971C153B</key>
			<dict>
				<key>explicitFileType</key>
				<string>sourcecode.c.h</string>
				<key>fileEncoding</key>
				<string>30</string>
				<key>isa</key>
				<string>PBXFileReference</string>
				<key>name</key>
				<string>ftDrawMouseForces.h</string>
				<key>path</key>
				<string>../of_v0.9.8_osx_release/addons/ofxFlowTools/src/drawforces/ftDrawMouseForces.h</string>
				<key>sourceTree</key>
				<string>SOURCE_ROOT</string>
			</dict>
			<key>7850E872E411AE62EEA4AC50</key>
			<dict>
				<key>fileRef</key>
				<string>AAE34432E948690DE4696E22</string>
				<key>isa</key>
				<string>PBXBuildFile</string>
			</dict>
			<key>AAE34432E948690DE4696E22</key>
			<dict>
				<key>explicitFileType</key>
				<string>sourcecode.cpp.cpp</string>
				<key>fileEncoding</key>
				<string>30</string>
				<key>isa</key>
				<string>PBXFileReference</string>
				<key>name</key>
				<string>ftDrawMouseForces.cpp</string>
				<key>path</key>
				<string>../of_v0.9.8_osx_release/addons/ofxFlowTools/src/drawforces/ftDrawMouseForces.cpp</string>
				<key>sourceTree</key>
				<string>SOURCE_ROOT</string>
			</dict>
			<key>7273E7762A1218F85E387A5B</key>
			<dict>
				<key>explicitFileType</key>
				<string>sourcecode.c.h</string>
				<key>fileEncoding</key>
				<string>30</string>
				<key>isa</key>
				<string>PBXFileReference</string>
				<key>name</key>
				<string>ftDrawForceShader.h</string>
				<key>path</key>
				<string>../of_v0.9.8_osx_release/addons/ofxFlowTools/src/drawforces/ftDrawForceShader.h</string>
				<key>sourceTree</key>
				<string>SOURCE_ROOT</string>
			</dict>
			<key>BBEA87E5037FB67BD56C0032</key>
			<dict>
				<key>explicitFileType</key>
				<string>sourcecode.c.h</string>
				<key>fileEncoding</key>
				<string>30</string>
				<key>isa</key>
				<string>PBXFileReference</string>
				<key>name</key>
				<string>ftDrawForce.h</string>
				<key>path</key>
				<string>../of_v0.9.8_osx_release/addons/ofxFlowTools/src/drawforces/ftDrawForce.h</string>
				<key>sourceTree</key>
				<string>SOURCE_ROOT</string>
			</dict>
			<key>D2ECBAF5C76F2A8E38DCECB5</key>
			<dict>
				<key>children</key>
				<array>
					<string>65621D560088C2D1E1111F2D</string>
					<string>BBEA87E5037FB67BD56C0032</string>
					<string>7273E7762A1218F85E387A5B</string>
					<string>AAE34432E948690DE4696E22</string>
					<string>FF3708739C213E6E971C153B</string>
				</array>
				<key>isa</key>
				<string>PBXGroup</string>
				<key>name</key>
				<string>drawforces</string>
				<key>sourceTree</key>
				<string>&lt;group&gt;</string>
			</dict>
			<key>06229F9D060DC0680D315E4D</key>
			<dict>
				<key>children</key>
				<array>
					<string>D2ECBAF5C76F2A8E38DCECB5</string>
					<string>6A5F6297ACB44A1F73F27B75</string>
					<string>37042A211B67E7AAE7F66BED</string>
					<string>99F0A2CA492FC66AE4940E35</string>
					<string>D27ECF73925C46AC44E3B43A</string>
					<string>110C023D84EC2F46EE5EDF8B</string>
					<string>6EA23D617726D3B0C28D208F</string>
					<string>C9D1A917FDDA4767EE0F003A</string>
					<string>2F09ADD159DC2B52FFD96BCA</string>
					<string>409F4945999998D29A65827E</string>
					<string>FFEF4C14324021333F122BE8</string>
					<string>2B5A9808C712F5AFB40AA36C</string>
					<string>6E097110330F60F3FF60028D</string>
					<string>3921884BF51EF7661ED64724</string>
				</array>
				<key>isa</key>
				<string>PBXGroup</string>
				<key>name</key>
				<string>src</string>
				<key>sourceTree</key>
				<string>&lt;group&gt;</string>
			</dict>
			<key>191D5B5C65CA5D1BE82F2030</key>
			<dict>
				<key>children</key>
				<array>
					<string>06229F9D060DC0680D315E4D</string>
				</array>
				<key>isa</key>
				<string>PBXGroup</string>
				<key>name</key>
				<string>ofxFlowTools</string>
				<key>sourceTree</key>
				<string>&lt;group&gt;</string>
			</dict>
			<key>FD9C445874729D6988F08EBF</key>
			<dict>
				<key>fileRef</key>
				<string>65621D560088C2D1E1111F2D</string>
				<key>isa</key>
				<string>PBXBuildFile</string>
			</dict>
			<key>65621D560088C2D1E1111F2D</key>
			<dict>
				<key>explicitFileType</key>
				<string>sourcecode.cpp.cpp</string>
				<key>fileEncoding</key>
				<string>30</string>
				<key>isa</key>
				<string>PBXFileReference</string>
				<key>name</key>
				<string>ftDrawForce.cpp</string>
				<key>path</key>
				<string>../of_v0.9.8_osx_release/addons/ofxFlowTools/src/drawforces/ftDrawForce.cpp</string>
				<key>sourceTree</key>
				<string>SOURCE_ROOT</string>
			</dict>
			<key>53CF3F0DCE82E557E8078768</key>
			<dict>
				<key>explicitFileType</key>
				<string>sourcecode.c.h</string>
				<key>fileEncoding</key>
				<string>30</string>
				<key>isa</key>
				<string>PBXFileReference</string>
				<key>name</key>
				<string>fft.h</string>
				<key>path</key>
				<string>../of_v0.9.8_osx_release/addons/ofxFFT/libs/fft.h</string>
				<key>sourceTree</key>
				<string>SOURCE_ROOT</string>
			</dict>
			<key>1B64B7957A22C4BDA1592DD4</key>
			<dict>
				<key>children</key>
				<array>
					<string>3246A2A0047FC6FBA3049610</string>
					<string>53CF3F0DCE82E557E8078768</string>
				</array>
				<key>isa</key>
				<string>PBXGroup</string>
				<key>name</key>
				<string>libs</string>
				<key>sourceTree</key>
				<string>&lt;group&gt;</string>
			</dict>
			<key>303CE81EE37E6E772F5CF893</key>
			<dict>
				<key>fileRef</key>
				<string>3246A2A0047FC6FBA3049610</string>
				<key>isa</key>
				<string>PBXBuildFile</string>
			</dict>
			<key>3246A2A0047FC6FBA3049610</key>
			<dict>
				<key>explicitFileType</key>
				<string>sourcecode.cpp.cpp</string>
				<key>fileEncoding</key>
				<string>30</string>
				<key>isa</key>
				<string>PBXFileReference</string>
				<key>name</key>
				<string>fft.cpp</string>
				<key>path</key>
				<string>../of_v0.9.8_osx_release/addons/ofxFFT/libs/fft.cpp</string>
				<key>sourceTree</key>
				<string>SOURCE_ROOT</string>
			</dict>
			<key>620277A4EC452FB09FF9FDD6</key>
			<dict>
				<key>explicitFileType</key>
				<string>sourcecode.c.h</string>
				<key>fileEncoding</key>
				<string>30</string>
				<key>isa</key>
				<string>PBXFileReference</string>
				<key>name</key>
				<string>ofxFFTLive.h</string>
				<key>path</key>
				<string>../of_v0.9.8_osx_release/addons/ofxFFT/src/ofxFFTLive.h</string>
				<key>sourceTree</key>
				<string>SOURCE_ROOT</string>
			</dict>
			<key>7EDBB45347F2DA0132912BF8</key>
			<dict>
				<key>fileRef</key>
				<string>096643808F121E2E3AB2A65D</string>
				<key>isa</key>
				<string>PBXBuildFile</string>
			</dict>
			<key>096643808F121E2E3AB2A65D</key>
			<dict>
				<key>explicitFileType</key>
				<string>sourcecode.cpp.cpp</string>
				<key>fileEncoding</key>
				<string>30</string>
				<key>isa</key>
				<string>PBXFileReference</string>
				<key>name</key>
				<string>ofxFFTLive.cpp</string>
				<key>path</key>
				<string>../of_v0.9.8_osx_release/addons/ofxFFT/src/ofxFFTLive.cpp</string>
				<key>sourceTree</key>
				<string>SOURCE_ROOT</string>
			</dict>
			<key>AD97E79A84E0D6FCFBC55231</key>
			<dict>
				<key>explicitFileType</key>
				<string>sourcecode.c.h</string>
				<key>fileEncoding</key>
				<string>30</string>
				<key>isa</key>
				<string>PBXFileReference</string>
				<key>name</key>
				<string>ofxFFTFile.h</string>
				<key>path</key>
				<string>../of_v0.9.8_osx_release/addons/ofxFFT/src/ofxFFTFile.h</string>
				<key>sourceTree</key>
				<string>SOURCE_ROOT</string>
			</dict>
			<key>365B6E759C97EC3D9D86B855</key>
			<dict>
				<key>fileRef</key>
				<string>5418C957EC02F34CF959D5ED</string>
				<key>isa</key>
				<string>PBXBuildFile</string>
			</dict>
			<key>5418C957EC02F34CF959D5ED</key>
			<dict>
				<key>explicitFileType</key>
				<string>sourcecode.cpp.cpp</string>
				<key>fileEncoding</key>
				<string>30</string>
				<key>isa</key>
				<string>PBXFileReference</string>
				<key>name</key>
				<string>ofxFFTFile.cpp</string>
				<key>path</key>
				<string>../of_v0.9.8_osx_release/addons/ofxFFT/src/ofxFFTFile.cpp</string>
				<key>sourceTree</key>
				<string>SOURCE_ROOT</string>
			</dict>
			<key>59C15649C70FEEB783A238B5</key>
			<dict>
				<key>explicitFileType</key>
				<string>sourcecode.c.h</string>
				<key>fileEncoding</key>
				<string>30</string>
				<key>isa</key>
				<string>PBXFileReference</string>
				<key>name</key>
				<string>ofxFFTBase.h</string>
				<key>path</key>
				<string>../of_v0.9.8_osx_release/addons/ofxFFT/src/ofxFFTBase.h</string>
				<key>sourceTree</key>
				<string>SOURCE_ROOT</string>
			</dict>
			<key>0A2E5BCC3F86CB447BAEAEB2</key>
			<dict>
				<key>children</key>
				<array>
					<string>30DA2D50CBC6834E2467A7C6</string>
					<string>59C15649C70FEEB783A238B5</string>
					<string>5418C957EC02F34CF959D5ED</string>
					<string>AD97E79A84E0D6FCFBC55231</string>
					<string>096643808F121E2E3AB2A65D</string>
					<string>620277A4EC452FB09FF9FDD6</string>
				</array>
				<key>isa</key>
				<string>PBXGroup</string>
				<key>name</key>
				<string>src</string>
				<key>sourceTree</key>
				<string>&lt;group&gt;</string>
			</dict>
			<key>38D6D30992FE734203F60492</key>
			<dict>
				<key>children</key>
				<array>
					<string>0A2E5BCC3F86CB447BAEAEB2</string>
					<string>1B64B7957A22C4BDA1592DD4</string>
				</array>
				<key>isa</key>
				<string>PBXGroup</string>
				<key>name</key>
				<string>ofxFFT</string>
				<key>sourceTree</key>
				<string>&lt;group&gt;</string>
			</dict>
			<key>9323BCFD102AA1F881F02D51</key>
			<dict>
				<key>fileRef</key>
				<string>30DA2D50CBC6834E2467A7C6</string>
				<key>isa</key>
				<string>PBXBuildFile</string>
			</dict>
			<key>30DA2D50CBC6834E2467A7C6</key>
			<dict>
				<key>explicitFileType</key>
				<string>sourcecode.cpp.cpp</string>
				<key>fileEncoding</key>
				<string>30</string>
				<key>isa</key>
				<string>PBXFileReference</string>
				<key>name</key>
				<string>ofxFFTBase.cpp</string>
				<key>path</key>
				<string>../of_v0.9.8_osx_release/addons/ofxFFT/src/ofxFFTBase.cpp</string>
				<key>sourceTree</key>
				<string>SOURCE_ROOT</string>
			</dict>
			<key>6948EE371B920CB800B5AC1A</key>
			<dict>
				<key>children</key>
				<array />
				<key>isa</key>
				<string>PBXGroup</string>
				<key>name</key>
				<string>local_addons</string>
				<key>sourceTree</key>
				<string>&lt;group&gt;</string>
			</dict>
			<key>BB4B014C10F69532006C3DED</key>
			<dict>
				<key>children</key>
				<array>
					<string>38D6D30992FE734203F60492</string>
					<string>191D5B5C65CA5D1BE82F2030</string>
					<string>480A780D8D0308AE4A368801</string>
				</array>
				<key>isa</key>
				<string>PBXGroup</string>
				<key>name</key>
				<string>addons</string>
				<key>sourceTree</key>
				<string>&lt;group&gt;</string>
			</dict>
			<key>E4328143138ABC890047C5CB</key>
			<dict>
				<key>isa</key>
				<string>PBXFileReference</string>
				<key>lastKnownFileType</key>
				<string>wrapper.pb-project</string>
				<key>name</key>
				<string>openFrameworksLib.xcodeproj</string>
				<key>path</key>
				<string>../of_v0.9.8_osx_release/libs/openFrameworksCompiled/project/osx/openFrameworksLib.xcodeproj</string>
				<key>sourceTree</key>
				<string>SOURCE_ROOT</string>
			</dict>
			<key>E4328144138ABC890047C5CB</key>
			<dict>
				<key>children</key>
				<array>
					<string>E4328148138ABC890047C5CB</string>
				</array>
				<key>isa</key>
				<string>PBXGroup</string>
				<key>name</key>
				<string>Products</string>
				<key>sourceTree</key>
				<string>&lt;group&gt;</string>
			</dict>
			<key>E4328147138ABC890047C5CB</key>
			<dict>
				<key>containerPortal</key>
				<string>E4328143138ABC890047C5CB</string>
				<key>isa</key>
				<string>PBXContainerItemProxy</string>
				<key>proxyType</key>
				<string>2</string>
				<key>remoteGlobalIDString</key>
				<string>E4B27C1510CBEB8E00536013</string>
				<key>remoteInfo</key>
				<string>openFrameworks</string>
			</dict>
			<key>E4328148138ABC890047C5CB</key>
			<dict>
				<key>fileType</key>
				<string>archive.ar</string>
				<key>isa</key>
				<string>PBXReferenceProxy</string>
				<key>path</key>
				<string>openFrameworksDebug.a</string>
				<key>remoteRef</key>
				<string>E4328147138ABC890047C5CB</string>
				<key>sourceTree</key>
				<string>BUILT_PRODUCTS_DIR</string>
			</dict>
			<key>E4328149138ABC9F0047C5CB</key>
			<dict>
				<key>fileRef</key>
				<string>E4328148138ABC890047C5CB</string>
				<key>isa</key>
				<string>PBXBuildFile</string>
			</dict>
			<key>E4B69B4A0A3A1720003C02F2</key>
			<dict>
				<key>children</key>
				<array>
					<string>E4B6FCAD0C3E899E008CF71C</string>
					<string>E4EB6923138AFD0F00A09F29</string>
					<string>E4B69E1C0A3A1BDC003C02F2</string>
					<string>E4EEC9E9138DF44700A80321</string>
					<string>BB4B014C10F69532006C3DED</string>
					<string>6948EE371B920CB800B5AC1A</string>
					<string>E4B69B5B0A3A1756003C02F2</string>
				</array>
				<key>isa</key>
				<string>PBXGroup</string>
				<key>sourceTree</key>
				<string>&lt;group&gt;</string>
			</dict>
			<key>E4B69B4C0A3A1720003C02F2</key>
			<dict>
				<key>attributes</key>
				<dict>
					<key>LastUpgradeCheck</key>
					<string>0600</string>
				</dict>
				<key>buildConfigurationList</key>
				<string>E4B69B4D0A3A1720003C02F2</string>
				<key>compatibilityVersion</key>
				<string>Xcode 3.2</string>
				<key>developmentRegion</key>
				<string>English</string>
				<key>hasScannedForEncodings</key>
				<string>0</string>
				<key>isa</key>
				<string>PBXProject</string>
				<key>knownRegions</key>
				<array>
					<string>English</string>
					<string>Japanese</string>
					<string>French</string>
					<string>German</string>
				</array>
				<key>mainGroup</key>
				<string>E4B69B4A0A3A1720003C02F2</string>
				<key>productRefGroup</key>
				<string>E4B69B4A0A3A1720003C02F2</string>
				<key>projectDirPath</key>
				<string />
				<key>projectReferences</key>
				<array>
					<dict>
						<key>ProductGroup</key>
						<string>E4328144138ABC890047C5CB</string>
						<key>ProjectRef</key>
						<string>E4328143138ABC890047C5CB</string>
					</dict>
				</array>
				<key>projectRoot</key>
				<string />
				<key>targets</key>
				<array>
					<string>E4B69B5A0A3A1756003C02F2</string>
				</array>
			</dict>
			<key>E4B69B4D0A3A1720003C02F2</key>
			<dict>
				<key>buildConfigurations</key>
				<array>
					<string>E4B69B4E0A3A1720003C02F2</string>
					<string>E4B69B4F0A3A1720003C02F2</string>
				</array>
				<key>defaultConfigurationIsVisible</key>
				<string>0</string>
				<key>defaultConfigurationName</key>
				<string>Release</string>
				<key>isa</key>
				<string>XCConfigurationList</string>
			</dict>
			<key>E4B69B4E0A3A1720003C02F2</key>
			<dict>
				<key>baseConfigurationReference</key>
				<string>E4EB6923138AFD0F00A09F29</string>
				<key>buildSettings</key>
				<dict>
					<key>HEADER_SEARCH_PATHS</key>
					<array>
						<string>$(OF_CORE_HEADERS)</string>
						<string>../of_v0.9.8_osx_release/addons/ofxFFT/libs</string>
						<string>../of_v0.9.8_osx_release/addons/ofxFFT/src</string>
						<string>../of_v0.9.8_osx_release/addons/ofxFlowTools/src</string>
						<string>../of_v0.9.8_osx_release/addons/ofxFlowTools/src/drawforces</string>
						<string>../of_v0.9.8_osx_release/addons/ofxFlowTools/src/filters</string>
						<string>../of_v0.9.8_osx_release/addons/ofxFlowTools/src/fluid</string>
						<string>../of_v0.9.8_osx_release/addons/ofxFlowTools/src/mask</string>
						<string>../of_v0.9.8_osx_release/addons/ofxFlowTools/src/opticalflow</string>
						<string>../of_v0.9.8_osx_release/addons/ofxFlowTools/src/particles</string>
						<string>../of_v0.9.8_osx_release/addons/ofxFlowTools/src/splitvelocity</string>
						<string>../of_v0.9.8_osx_release/addons/ofxFlowTools/src/tools</string>
						<string>../of_v0.9.8_osx_release/addons/ofxFlowTools/src/visualisation</string>
						<string>../of_v0.9.8_osx_release/addons/ofxGui/src</string>
					</array>
					<key>CONFIGURATION_BUILD_DIR</key>
					<string>$(SRCROOT)/bin/</string>
					<key>COPY_PHASE_STRIP</key>
					<string>NO</string>
					<key>DEAD_CODE_STRIPPING</key>
					<string>YES</string>
					<key>GCC_AUTO_VECTORIZATION</key>
					<string>YES</string>
					<key>GCC_ENABLE_SSE3_EXTENSIONS</key>
					<string>YES</string>
					<key>GCC_ENABLE_SUPPLEMENTAL_SSE3_INSTRUCTIONS</key>
					<string>YES</string>
					<key>GCC_INLINES_ARE_PRIVATE_EXTERN</key>
					<string>NO</string>
					<key>GCC_OPTIMIZATION_LEVEL</key>
					<string>0</string>
					<key>GCC_SYMBOLS_PRIVATE_EXTERN</key>
					<string>NO</string>
					<key>GCC_WARN_ABOUT_DEPRECATED_FUNCTIONS</key>
					<string>YES</string>
					<key>GCC_WARN_ABOUT_INVALID_OFFSETOF_MACRO</key>
					<string>NO</string>
					<key>GCC_WARN_ALLOW_INCOMPLETE_PROTOCOL</key>
					<string>NO</string>
					<key>GCC_WARN_UNINITIALIZED_AUTOS</key>
					<string>NO</string>
					<key>GCC_WARN_UNUSED_VALUE</key>
					<string>NO</string>
					<key>GCC_WARN_UNUSED_VARIABLE</key>
					<string>NO</string>
					<key>MACOSX_DEPLOYMENT_TARGET</key>
					<string>10.8</string>
					<key>ONLY_ACTIVE_ARCH</key>
					<string>YES</string>
					<key>OTHER_CPLUSPLUSFLAGS</key>
					<array>
						<string>-D__MACOSX_CORE__</string>
						<string>-mtune=native</string>
					</array>
					<key>SDKROOT</key>
					<string>macosx</string>
				</dict>
				<key>isa</key>
				<string>XCBuildConfiguration</string>
				<key>name</key>
				<string>Debug</string>
			</dict>
			<key>E4B69B4F0A3A1720003C02F2</key>
			<dict>
				<key>baseConfigurationReference</key>
				<string>E4EB6923138AFD0F00A09F29</string>
				<key>buildSettings</key>
				<dict>
					<key>HEADER_SEARCH_PATHS</key>
					<array>
						<string>$(OF_CORE_HEADERS)</string>
						<string>../of_v0.9.8_osx_release/addons/ofxFFT/libs</string>
						<string>../of_v0.9.8_osx_release/addons/ofxFFT/src</string>
						<string>../of_v0.9.8_osx_release/addons/ofxFlowTools/src</string>
						<string>../of_v0.9.8_osx_release/addons/ofxFlowTools/src/drawforces</string>
						<string>../of_v0.9.8_osx_release/addons/ofxFlowTools/src/filters</string>
						<string>../of_v0.9.8_osx_release/addons/ofxFlowTools/src/fluid</string>
						<string>../of_v0.9.8_osx_release/addons/ofxFlowTools/src/mask</string>
						<string>../of_v0.9.8_osx_release/addons/ofxFlowTools/src/opticalflow</string>
						<string>../of_v0.9.8_osx_release/addons/ofxFlowTools/src/particles</string>
						<string>../of_v0.9.8_osx_release/addons/ofxFlowTools/src/splitvelocity</string>
						<string>../of_v0.9.8_osx_release/addons/ofxFlowTools/src/tools</string>
						<string>../of_v0.9.8_osx_release/addons/ofxFlowTools/src/visualisation</string>
						<string>../of_v0.9.8_osx_release/addons/ofxGui/src</string>
					</array>
					<key>CONFIGURATION_BUILD_DIR</key>
					<string>$(SRCROOT)/bin/</string>
					<key>COPY_PHASE_STRIP</key>
					<string>YES</string>
					<key>DEAD_CODE_STRIPPING</key>
					<string>YES</string>
					<key>GCC_AUTO_VECTORIZATION</key>
					<string>YES</string>
					<key>GCC_ENABLE_SSE3_EXTENSIONS</key>
					<string>YES</string>
					<key>GCC_ENABLE_SUPPLEMENTAL_SSE3_INSTRUCTIONS</key>
					<string>YES</string>
					<key>GCC_INLINES_ARE_PRIVATE_EXTERN</key>
					<string>NO</string>
					<key>GCC_OPTIMIZATION_LEVEL</key>
					<string>3</string>
					<key>GCC_SYMBOLS_PRIVATE_EXTERN</key>
					<string>NO</string>
					<key>GCC_UNROLL_LOOPS</key>
					<string>YES</string>
					<key>GCC_WARN_ABOUT_DEPRECATED_FUNCTIONS</key>
					<string>YES</string>
					<key>GCC_WARN_ABOUT_INVALID_OFFSETOF_MACRO</key>
					<string>NO</string>
					<key>GCC_WARN_ALLOW_INCOMPLETE_PROTOCOL</key>
					<string>NO</string>
					<key>GCC_WARN_UNINITIALIZED_AUTOS</key>
					<string>NO</string>
					<key>GCC_WARN_UNUSED_VALUE</key>
					<string>NO</string>
					<key>GCC_WARN_UNUSED_VARIABLE</key>
					<string>NO</string>
					<key>MACOSX_DEPLOYMENT_TARGET</key>
					<string>10.8</string>
					<key>OTHER_CPLUSPLUSFLAGS</key>
					<array>
						<string>-D__MACOSX_CORE__</string>
						<string>-mtune=native</string>
					</array>
					<key>SDKROOT</key>
					<string>macosx</string>
				</dict>
				<key>isa</key>
				<string>XCBuildConfiguration</string>
				<key>name</key>
				<string>Release</string>
			</dict>
			<key>E4B69B580A3A1756003C02F2</key>
			<dict>
				<key>buildActionMask</key>
				<string>2147483647</string>
				<key>files</key>
				<array>
					<string>E4B69E200A3A1BDC003C02F2</string>
					<string>E4B69E210A3A1BDC003C02F2</string>
					<string>9323BCFD102AA1F881F02D51</string>
					<string>365B6E759C97EC3D9D86B855</string>
					<string>7EDBB45347F2DA0132912BF8</string>
					<string>303CE81EE37E6E772F5CF893</string>
					<string>FD9C445874729D6988F08EBF</string>
					<string>7850E872E411AE62EEA4AC50</string>
					<string>93EB3E933B7532A9A4F6677D</string>
					<string>E9E468CE442B5AC846FEBC3E</string>
					<string>5403C8C6DDB67A5E6985A5F5</string>
					<string>6EBEFCF37E2601A76E883DCC</string>
					<string>50F5CD69067E23497771886E</string>
					<string>043841CA2FC449BED47A989C</string>
					<string>E0212F3890DEFDC15BBDF0C6</string>
					<string>4B96D886F681F80F6ABDB2C5</string>
					<string>7B8878B96364B4281D040334</string>
					<string>0E50C5A7BF564C8ADF1F5EA1</string>
					<string>5E8372419354DC91ACF64158</string>
					<string>EA0FEA95DC03ACE3DB82A901</string>
					<string>86DB2512D93A40CC26FD5300</string>
					<string>EBEAA6AAB36ADDF4AE522D7F</string>
				</array>
				<key>isa</key>
				<string>PBXSourcesBuildPhase</string>
				<key>runOnlyForDeploymentPostprocessing</key>
				<string>0</string>
			</dict>
			<key>E4B69B590A3A1756003C02F2</key>
			<dict>
				<key>buildActionMask</key>
				<string>2147483647</string>
				<key>files</key>
				<array>
					<string>E4328149138ABC9F0047C5CB</string>
				</array>
				<key>isa</key>
				<string>PBXFrameworksBuildPhase</string>
				<key>runOnlyForDeploymentPostprocessing</key>
				<string>0</string>
			</dict>
			<key>E4B69B5A0A3A1756003C02F2</key>
			<dict>
				<key>buildConfigurationList</key>
				<string>E4B69B5F0A3A1757003C02F2</string>
				<key>buildPhases</key>
				<array>
					<string>E4B69B580A3A1756003C02F2</string>
					<string>E4B69B590A3A1756003C02F2</string>
					<string>E4B6FFFD0C3F9AB9008CF71C</string>
					<string>E4C2427710CC5ABF004149E2</string>
				</array>
				<key>buildRules</key>
				<array />
				<key>dependencies</key>
				<array>
					<string>E4EEB9AC138B136A00A80321</string>
				</array>
				<key>isa</key>
				<string>PBXNativeTarget</string>
				<key>name</key>
				<string>TestSketch</string>
				<key>productName</key>
				<string>myOFApp</string>
				<key>productReference</key>
				<string>E4B69B5B0A3A1756003C02F2</string>
				<key>productType</key>
				<string>com.apple.product-type.application</string>
			</dict>
			<key>E4B69B5B0A3A1756003C02F2</key>
			<dict>
				<key>explicitFileType</key>
				<string>wrapper.application</string>
				<key>includeInIndex</key>
				<string>0</string>
				<key>isa</key>
				<string>PBXFileReference</string>
				<key>path</key>
				<string>TestSketchDebug.app</string>
				<key>sourceTree</key>
				<string>BUILT_PRODUCTS_DIR</string>
			</dict>
			<key>E4B69B5F0A3A1757003C02F2</key>
			<dict>
				<key>buildConfigurations</key>
				<array>
					<string>E4B69B600A3A1757003C02F2</string>
					<string>E4B69B610A3A1757003C02F2</string>
				</array>
				<key>defaultConfigurationIsVisible</key>
				<string>0</string>
				<key>defaultConfigurationName</key>
				<string>Release</string>
				<key>isa</key>
				<string>XCConfigurationList</string>
			</dict>
			<key>E4B69B600A3A1757003C02F2</key>
			<dict>
				<key>baseConfigurationReference</key>
				<string>E4EB6923138AFD0F00A09F29</string>
				<key>buildSettings</key>
				<dict>
					<key>HEADER_SEARCH_PATHS</key>
					<array>
						<string>$(OF_CORE_HEADERS)</string>
						<string>../of_v0.9.8_osx_release/addons/ofxFFT/libs</string>
						<string>../of_v0.9.8_osx_release/addons/ofxFFT/src</string>
						<string>../of_v0.9.8_osx_release/addons/ofxFlowTools/src</string>
						<string>../of_v0.9.8_osx_release/addons/ofxFlowTools/src/drawforces</string>
						<string>../of_v0.9.8_osx_release/addons/ofxFlowTools/src/filters</string>
						<string>../of_v0.9.8_osx_release/addons/ofxFlowTools/src/fluid</string>
						<string>../of_v0.9.8_osx_release/addons/ofxFlowTools/src/mask</string>
						<string>../of_v0.9.8_osx_release/addons/ofxFlowTools/src/opticalflow</string>
						<string>../of_v0.9.8_osx_release/addons/ofxFlowTools/src/particles</string>
						<string>../of_v0.9.8_osx_release/addons/ofxFlowTools/src/splitvelocity</string>
						<string>../of_v0.9.8_osx_release/addons/ofxFlowTools/src/tools</string>
						<string>../of_v0.9.8_osx_release/addons/ofxFlowTools/src/visualisation</string>
						<string>../of_v0.9.8_osx_release/addons/ofxGui/src</string>
					</array>
					<key>COMBINE_HIDPI_IMAGES</key>
					<string>YES</string>
					<key>COPY_PHASE_STRIP</key>
					<string>NO</string>
					<key>FRAMEWORK_SEARCH_PATHS</key>
					<array>
						<string>$(inherited)</string>
						<string>$(FRAMEWORK_SEARCH_PATHS_QUOTED_FOR_TARGET_1)</string>
					</array>
					<key>FRAMEWORK_SEARCH_PATHS_QUOTED_FOR_TARGET_1</key>
					<string>"$(SRCROOT)/../of_v0.9.8_osx_release/libs/glut/lib/osx"</string>
					<key>GCC_DYNAMIC_NO_PIC</key>
					<string>NO</string>
					<key>GCC_GENERATE_DEBUGGING_SYMBOLS</key>
					<string>YES</string>
					<key>GCC_MODEL_TUNING</key>
					<string>NONE</string>
					<key>ICON</key>
					<string>$(ICON_NAME_DEBUG)</string>
					<key>ICON_FILE</key>
					<string>$(ICON_FILE_PATH)$(ICON)</string>
					<key>INFOPLIST_FILE</key>
					<string>openFrameworks-Info.plist</string>
					<key>INSTALL_PATH</key>
					<string>/Applications</string>
					<key>LIBRARY_SEARCH_PATHS</key>
					<string>$(inherited)</string>
					<key>PRODUCT_NAME</key>
					<string>$(TARGET_NAME)Debug</string>
					<key>WRAPPER_EXTENSION</key>
					<string>app</string>
				</dict>
				<key>isa</key>
				<string>XCBuildConfiguration</string>
				<key>name</key>
				<string>Debug</string>
			</dict>
			<key>E4B69B610A3A1757003C02F2</key>
			<dict>
				<key>baseConfigurationReference</key>
				<string>E4EB6923138AFD0F00A09F29</string>
				<key>buildSettings</key>
				<dict>
					<key>HEADER_SEARCH_PATHS</key>
					<array>
						<string>$(OF_CORE_HEADERS)</string>
						<string>../of_v0.9.8_osx_release/addons/ofxFFT/libs</string>
						<string>../of_v0.9.8_osx_release/addons/ofxFFT/src</string>
						<string>../of_v0.9.8_osx_release/addons/ofxFlowTools/src</string>
						<string>../of_v0.9.8_osx_release/addons/ofxFlowTools/src/drawforces</string>
						<string>../of_v0.9.8_osx_release/addons/ofxFlowTools/src/filters</string>
						<string>../of_v0.9.8_osx_release/addons/ofxFlowTools/src/fluid</string>
						<string>../of_v0.9.8_osx_release/addons/ofxFlowTools/src/mask</string>
						<string>../of_v0.9.8_osx_release/addons/ofxFlowTools/src/opticalflow</string>
						<string>../of_v0.9.8_osx_release/addons/ofxFlowTools/src/particles</string>
						<string>../of_v0.9.8_osx_release/addons/ofxFlowTools/src/splitvelocity</string>
						<string>../of_v0.9.8_osx_release/addons/ofxFlowTools/src/tools</string>
						<string>../of_v0.9.8_osx_release/addons/ofxFlowTools/src/visualisation</string>
						<string>../of_v0.9.8_osx_release/addons/ofxGui/src</string>
					</array>
					<key>COMBINE_HIDPI_IMAGES</key>
					<string>YES</string>
					<key>COPY_PHASE_STRIP</key>
					<string>YES</string>
					<key>FRAMEWORK_SEARCH_PATHS</key>
					<array>
						<string>$(inherited)</string>
						<string>$(FRAMEWORK_SEARCH_PATHS_QUOTED_FOR_TARGET_1)</string>
					</array>
					<key>FRAMEWORK_SEARCH_PATHS_QUOTED_FOR_TARGET_1</key>
					<string>"$(SRCROOT)/../of_v0.9.8_osx_release/libs/glut/lib/osx"</string>
					<key>GCC_GENERATE_DEBUGGING_SYMBOLS</key>
					<string>YES</string>
					<key>GCC_MODEL_TUNING</key>
					<string>NONE</string>
					<key>ICON</key>
					<string>$(ICON_NAME_RELEASE)</string>
					<key>ICON_FILE</key>
					<string>$(ICON_FILE_PATH)$(ICON)</string>
					<key>INFOPLIST_FILE</key>
					<string>openFrameworks-Info.plist</string>
					<key>INSTALL_PATH</key>
					<string>/Applications</string>
					<key>LIBRARY_SEARCH_PATHS</key>
					<string>$(inherited)</string>
					<key>PRODUCT_NAME</key>
					<string>$(TARGET_NAME)</string>
					<key>WRAPPER_EXTENSION</key>
					<string>app</string>
					<key>baseConfigurationReference</key>
					<string>E4EB6923138AFD0F00A09F29</string>
				</dict>
				<key>isa</key>
				<string>XCBuildConfiguration</string>
				<key>name</key>
				<string>Release</string>
			</dict>
			<key>E4B69E1C0A3A1BDC003C02F2</key>
			<dict>
				<key>children</key>
				<array>
					<string>E4B69E1D0A3A1BDC003C02F2</string>
					<string>E4B69E1E0A3A1BDC003C02F2</string>
					<string>E4B69E1F0A3A1BDC003C02F2</string>
				</array>
				<key>isa</key>
				<string>PBXGroup</string>
				<key>path</key>
				<string>src</string>
				<key>sourceTree</key>
				<string>SOURCE_ROOT</string>
			</dict>
			<key>E4B69E1D0A3A1BDC003C02F2</key>
			<dict>
				<key>fileEncoding</key>
				<string>30</string>
				<key>isa</key>
				<string>PBXFileReference</string>
				<key>lastKnownFileType</key>
				<string>sourcecode.cpp.cpp</string>
				<key>name</key>
				<string>main.cpp</string>
				<key>path</key>
				<string>src/main.cpp</string>
				<key>sourceTree</key>
				<string>SOURCE_ROOT</string>
			</dict>
			<key>E4B69E1E0A3A1BDC003C02F2</key>
			<dict>
				<key>explicitFileType</key>
				<string>sourcecode.cpp.cpp</string>
				<key>fileEncoding</key>
				<string>30</string>
				<key>isa</key>
				<string>PBXFileReference</string>
				<key>name</key>
				<string>ofApp.cpp</string>
				<key>path</key>
				<string>src/ofApp.cpp</string>
				<key>sourceTree</key>
				<string>SOURCE_ROOT</string>
			</dict>
			<key>E4B69E1F0A3A1BDC003C02F2</key>
			<dict>
				<key>fileEncoding</key>
				<string>30</string>
				<key>isa</key>
				<string>PBXFileReference</string>
				<key>lastKnownFileType</key>
				<string>sourcecode.c.h</string>
				<key>name</key>
				<string>ofApp.h</string>
				<key>path</key>
				<string>src/ofApp.h</string>
				<key>sourceTree</key>
				<string>SOURCE_ROOT</string>
			</dict>
			<key>E4B69E200A3A1BDC003C02F2</key>
			<dict>
				<key>fileRef</key>
				<string>E4B69E1D0A3A1BDC003C02F2</string>
				<key>isa</key>
				<string>PBXBuildFile</string>
			</dict>
			<key>E4B69E210A3A1BDC003C02F2</key>
			<dict>
				<key>fileRef</key>
				<string>E4B69E1E0A3A1BDC003C02F2</string>
				<key>isa</key>
				<string>PBXBuildFile</string>
			</dict>
			<key>E4B6FCAD0C3E899E008CF71C</key>
			<dict>
				<key>fileEncoding</key>
				<string>30</string>
				<key>isa</key>
				<string>PBXFileReference</string>
				<key>lastKnownFileType</key>
				<string>text.plist.xml</string>
				<key>path</key>
				<string>openFrameworks-Info.plist</string>
				<key>sourceTree</key>
				<string>&lt;group&gt;</string>
			</dict>
			<key>E4B6FFFD0C3F9AB9008CF71C</key>
			<dict>
				<key>buildActionMask</key>
				<string>2147483647</string>
				<key>files</key>
				<array />
				<key>inputPaths</key>
				<array />
				<key>isa</key>
				<string>PBXShellScriptBuildPhase</string>
				<key>outputPaths</key>
				<array />
				<key>runOnlyForDeploymentPostprocessing</key>
				<string>0</string>
				<key>shellPath</key>
				<string>/bin/sh</string>
				<key>shellScript</key>
				<string>mkdir -p "$TARGET_BUILD_DIR/$PRODUCT_NAME.app/Contents/Resources/"
# Copy default icon file into App/Resources
rsync -aved "$ICON_FILE" "$TARGET_BUILD_DIR/$PRODUCT_NAME.app/Contents/Resources/"
# Copy libfmod and change install directory for fmod to run
rsync -aved ../of_v0.9.8_osx_release/libs/fmodex/lib/osx/libfmodex.dylib "$TARGET_BUILD_DIR/$PRODUCT_NAME.app/Contents/Frameworks/";
install_name_tool -change @executable_path/libfmodex.dylib @executable_path/../Frameworks/libfmodex.dylib "$TARGET_BUILD_DIR/$PRODUCT_NAME.app/Contents/MacOS/$PRODUCT_NAME";
# Copy GLUT framework (must remove for AppStore submissions)
rsync -aved ../of_v0.9.8_osx_release/libs/glut/lib/osx/GLUT.framework "$TARGET_BUILD_DIR/$PRODUCT_NAME.app/Contents/Frameworks/"
</string>
			</dict>
			<key>E4C2427710CC5ABF004149E2</key>
			<dict>
				<key>buildActionMask</key>
				<string>2147483647</string>
				<key>dstPath</key>
				<string />
				<key>dstSubfolderSpec</key>
				<string>10</string>
				<key>files</key>
				<array />
				<key>isa</key>
				<string>PBXCopyFilesBuildPhase</string>
				<key>runOnlyForDeploymentPostprocessing</key>
				<string>0</string>
			</dict>
			<key>E4EB691F138AFCF100A09F29</key>
			<dict>
				<key>fileEncoding</key>
				<string>4</string>
				<key>isa</key>
				<string>PBXFileReference</string>
				<key>lastKnownFileType</key>
				<string>text.xcconfig</string>
				<key>name</key>
				<string>CoreOF.xcconfig</string>
				<key>path</key>
				<string>../of_v0.9.8_osx_release/libs/openFrameworksCompiled/project/osx/CoreOF.xcconfig</string>
				<key>sourceTree</key>
				<string>SOURCE_ROOT</string>
			</dict>
			<key>E4EB6923138AFD0F00A09F29</key>
			<dict>
				<key>fileEncoding</key>
				<string>4</string>
				<key>isa</key>
				<string>PBXFileReference</string>
				<key>lastKnownFileType</key>
				<string>text.xcconfig</string>
				<key>path</key>
				<string>Project.xcconfig</string>
				<key>sourceTree</key>
				<string>&lt;group&gt;</string>
			</dict>
			<key>E4EEB9AB138B136A00A80321</key>
			<dict>
				<key>containerPortal</key>
				<string>E4328143138ABC890047C5CB</string>
				<key>isa</key>
				<string>PBXContainerItemProxy</string>
				<key>proxyType</key>
				<string>1</string>
				<key>remoteGlobalIDString</key>
				<string>E4B27C1410CBEB8E00536013</string>
				<key>remoteInfo</key>
				<string>openFrameworks</string>
			</dict>
			<key>E4EEB9AC138B136A00A80321</key>
			<dict>
				<key>isa</key>
				<string>PBXTargetDependency</string>
				<key>name</key>
				<string>openFrameworks</string>
				<key>targetProxy</key>
				<string>E4EEB9AB138B136A00A80321</string>
			</dict>
			<key>E4EEC9E9138DF44700A80321</key>
			<dict>
				<key>children</key>
				<array>
					<string>E4EB691F138AFCF100A09F29</string>
					<string>E4328143138ABC890047C5CB</string>
				</array>
				<key>isa</key>
				<string>PBXGroup</string>
				<key>name</key>
				<string>openFrameworks</string>
				<key>sourceTree</key>
				<string>&lt;group&gt;</string>
			</dict>
		</dict>
		<key>rootObject</key>
		<string>E4B69B4C0A3A1720003C02F2</string>
	</dict>
</plist>
